
Microsoft Visual Studio Solution File, Format Version 12.00
# Visual Studio Version 16
VisualStudioVersion = 16.0.30907.101
MinimumVisualStudioVersion = 10.0.40219.1
Project("{9A19103F-16F7-4668-BE54-9A1E7A4F7556}") = "disaster5", "disaster5.csproj", "{ABA27333-ABDC-4913-B484-D770BBA03777}"
EndProject
Global
	GlobalSection(SolutionConfigurationPlatforms) = preSolution
		Debug|Any CPU = Debug|Any CPU
		Release|Any CPU = Release|Any CPU
	EndGlobalSection
	GlobalSection(ProjectConfigurationPlatforms) = postSolution
		{ABA27333-ABDC-4913-B484-D770BBA03777}.Debug|Any CPU.ActiveCfg = Debug|Any CPU
		{ABA27333-ABDC-4913-B484-D770BBA03777}.Debug|Any CPU.Build.0 = Debug|Any CPU
		{ABA27333-ABDC-4913-B484-D770BBA03777}.Release|Any CPU.ActiveCfg = Release|Any CPU
		{ABA27333-ABDC-4913-B484-D770BBA03777}.Release|Any CPU.Build.0 = Release|Any CPU
	EndGlobalSection
	GlobalSection(SolutionProperties) = preSolution
		HideSolutionNode = FALSE
	EndGlobalSection
	GlobalSection(ExtensibilityGlobals) = postSolution
		SolutionGuid = {1EF267BB-6D7E-4FD8-911E-D172AD1E1019}
	EndGlobalSection
EndGlobal
